version: 6
environments:
  default:
    channels:
    - url: https://conda.anaconda.org/conda-forge/
    packages:
      linux-64:
      - conda: https://conda.anaconda.org/conda-forge/linux-64/_libgcc_mutex-0.1-conda_forge.tar.bz2
      - conda: https://conda.anaconda.org/conda-forge/linux-64/_openmp_mutex-4.5-2_gnu.tar.bz2
      - conda: https://conda.anaconda.org/conda-forge/linux-64/binutils-2.45-default_h4852527_105.conda
      - conda: https://conda.anaconda.org/conda-forge/linux-64/binutils_impl_linux-64-2.45-bootstrap_h59bd682_5.conda
      - conda: https://conda.anaconda.org/conda-forge/linux-64/binutils_linux-64-2.45-bootstrap_h4852527_5.conda
      - conda: https://conda.anaconda.org/conda-forge/linux-64/boost-cpp-1.85.0-h44aadfe_2.conda
      - conda: https://conda.anaconda.org/conda-forge/linux-64/bzip2-1.0.8-hda65f42_8.conda
      - conda: https://conda.anaconda.org/conda-forge/linux-64/c-ares-1.34.6-hb03c661_0.conda
      - conda: https://conda.anaconda.org/conda-forge/linux-64/c-compiler-1.11.0-h4d9bdce_0.conda
      - conda: https://conda.anaconda.org/conda-forge/noarch/ca-certificates-2026.1.4-hbd8a1cb_0.conda
      - conda: https://conda.anaconda.org/conda-forge/linux-64/cmake-3.25.2-h077f3f9_0.conda
      - conda: https://conda.anaconda.org/conda-forge/linux-64/compilers-1.11.0-ha770c72_0.conda
      - conda: https://conda.anaconda.org/conda-forge/linux-64/conda-gcc-specs-14.3.0-he8ccf15_16.conda
      - conda: https://conda.anaconda.org/conda-forge/linux-64/cxx-compiler-1.11.0-hfcd1e18_0.conda
      - conda: https://conda.anaconda.org/conda-forge/linux-64/eigen-3.4.0-h171cf75_1.conda
      - conda: https://conda.anaconda.org/conda-forge/linux-64/expat-2.7.3-hecca717_0.conda
      - conda: https://conda.anaconda.org/conda-forge/linux-64/fortran-compiler-1.11.0-h9bea470_0.conda
      - conda: https://conda.anaconda.org/conda-forge/linux-64/gcc-14.3.0-h0dff253_16.conda
      - conda: https://conda.anaconda.org/conda-forge/linux-64/gcc_impl_linux-64-14.3.0-he8b2097_16.conda
      - conda: https://conda.anaconda.org/conda-forge/linux-64/gcc_linux-64-14.3.0-h298d278_17.conda
      - conda: https://conda.anaconda.org/conda-forge/linux-64/gfortran-14.3.0-h76987e4_16.conda
      - conda: https://conda.anaconda.org/conda-forge/linux-64/gfortran_impl_linux-64-14.3.0-h1a219da_16.conda
      - conda: https://conda.anaconda.org/conda-forge/linux-64/gfortran_linux-64-14.3.0-h9ce9316_17.conda
      - conda: https://conda.anaconda.org/conda-forge/linux-64/gxx-14.3.0-h76987e4_16.conda
      - conda: https://conda.anaconda.org/conda-forge/linux-64/gxx_impl_linux-64-14.3.0-h2185e75_16.conda
      - conda: https://conda.anaconda.org/conda-forge/linux-64/gxx_linux-64-14.3.0-h310e576_17.conda
      - conda: https://conda.anaconda.org/conda-forge/linux-64/icu-73.2-h59595ed_0.conda
      - conda: https://conda.anaconda.org/conda-forge/noarch/kernel-headers_linux-64-4.18.0-he073ed8_9.conda
      - conda: https://conda.anaconda.org/conda-forge/linux-64/keyutils-1.6.3-hb9d3cd8_0.conda
      - conda: https://conda.anaconda.org/conda-forge/linux-64/krb5-1.20.1-hf9c8cef_0.conda
      - conda: https://conda.anaconda.org/conda-forge/linux-64/ld_impl_linux-64-2.45-bootstrap_ha15bf96_5.conda
      - conda: https://conda.anaconda.org/conda-forge/linux-64/libboost-1.85.0-hba137d9_2.conda
      - conda: https://conda.anaconda.org/conda-forge/linux-64/libboost-devel-1.85.0-h00ab1b0_2.conda
      - conda: https://conda.anaconda.org/conda-forge/linux-64/libboost-headers-1.85.0-ha770c72_2.conda
      - conda: https://conda.anaconda.org/conda-forge/linux-64/libcurl-7.87.0-h6312ad2_0.conda
      - conda: https://conda.anaconda.org/conda-forge/linux-64/libedit-3.1.20250104-pl5321h7949ede_0.conda
      - conda: https://conda.anaconda.org/conda-forge/linux-64/libev-4.33-hd590300_2.conda
      - conda: https://conda.anaconda.org/conda-forge/linux-64/libexpat-2.7.3-hecca717_0.conda
      - conda: https://conda.anaconda.org/conda-forge/linux-64/libffi-3.3-h58526e2_2.tar.bz2
      - conda: https://conda.anaconda.org/conda-forge/linux-64/libgcc-15.2.0-he0feb66_16.conda
      - conda: https://conda.anaconda.org/conda-forge/noarch/libgcc-devel_linux-64-14.3.0-hf649bbc_116.conda
      - conda: https://conda.anaconda.org/conda-forge/linux-64/libgcc-ng-15.2.0-h69a702a_16.conda
      - conda: https://conda.anaconda.org/conda-forge/linux-64/libgfortran5-15.2.0-h68bc16d_16.conda
      - conda: https://conda.anaconda.org/conda-forge/linux-64/libgomp-15.2.0-he0feb66_16.conda
      - conda: https://conda.anaconda.org/conda-forge/linux-64/liblzma-5.8.2-hb03c661_0.conda
      - conda: https://conda.anaconda.org/conda-forge/linux-64/liblzma-devel-5.8.2-hb03c661_0.conda
      - conda: https://conda.anaconda.org/conda-forge/linux-64/libnghttp2-1.51.0-hdcd2b5c_0.conda
      - conda: https://conda.anaconda.org/conda-forge/linux-64/libsanitizer-14.3.0-h8f1669f_16.conda
      - conda: https://conda.anaconda.org/conda-forge/linux-64/libsqlite-3.46.0-hde9e2c9_0.conda
      - conda: https://conda.anaconda.org/conda-forge/linux-64/libssh2-1.10.0-haa6b8db_3.tar.bz2
      - conda: https://conda.anaconda.org/conda-forge/linux-64/libstdcxx-15.2.0-h934c35e_16.conda
      - conda: https://conda.anaconda.org/conda-forge/noarch/libstdcxx-devel_linux-64-14.3.0-h9f08a49_116.conda
      - conda: https://conda.anaconda.org/conda-forge/linux-64/libstdcxx-ng-15.2.0-hdf11a46_16.conda
      - conda: https://conda.anaconda.org/conda-forge/linux-64/libuv-1.51.0-hb03c661_1.conda
      - conda: https://conda.anaconda.org/conda-forge/linux-64/libxcrypt-4.4.36-hd590300_1.conda
      - conda: https://conda.anaconda.org/conda-forge/linux-64/libzlib-1.2.13-h4ab18f5_6.conda
      - conda: https://conda.anaconda.org/conda-forge/linux-64/ncurses-6.5-h2d0b736_3.conda
      - conda: https://conda.anaconda.org/conda-forge/linux-64/ninja-1.13.2-h171cf75_0.conda
      - conda: https://conda.anaconda.org/conda-forge/linux-64/openssl-1.1.1w-hd590300_0.conda
      - conda: https://conda.anaconda.org/conda-forge/noarch/pybind11-3.0.1-pyh7a1b43c_0.conda
      - conda: https://conda.anaconda.org/conda-forge/noarch/pybind11-global-3.0.1-pyhc7ab6ef_0.conda
      - conda: https://conda.anaconda.org/conda-forge/linux-64/python-3.9.0-hffdb5ce_5_cpython.tar.bz2
      - conda: https://conda.anaconda.org/conda-forge/linux-64/readline-8.3-h853b02a_0.conda
      - conda: https://conda.anaconda.org/conda-forge/linux-64/rhash-1.4.3-hd590300_2.conda
      - conda: https://conda.anaconda.org/conda-forge/linux-64/sqlite-3.46.0-h6d4b2fc_0.conda
      - conda: https://conda.anaconda.org/conda-forge/noarch/sysroot_linux-64-2.28-h4ee821c_9.conda
      - conda: https://conda.anaconda.org/conda-forge/linux-64/tk-8.6.13-noxft_h4845f30_101.conda
      - conda: https://conda.anaconda.org/conda-forge/noarch/tzdata-2025c-hc9c84f9_1.conda
      - conda: https://conda.anaconda.org/conda-forge/linux-64/xz-5.8.2-ha02ee65_0.conda
      - conda: https://conda.anaconda.org/conda-forge/linux-64/xz-gpl-tools-5.8.2-ha02ee65_0.conda
      - conda: https://conda.anaconda.org/conda-forge/linux-64/xz-tools-5.8.2-hb03c661_0.conda
      - conda: https://conda.anaconda.org/conda-forge/linux-64/zlib-1.2.13-h4ab18f5_6.conda
      - conda: https://conda.anaconda.org/conda-forge/linux-64/zstd-1.5.6-ha6fb4c9_0.conda
packages:
- conda: https://conda.anaconda.org/conda-forge/linux-64/_libgcc_mutex-0.1-conda_forge.tar.bz2
  sha256: fe51de6107f9edc7aa4f786a70f4a883943bc9d39b3bb7307c04c41410990726
  md5: d7c89558ba9fa0495403155b64376d81
  license: None
  size: 2562
  timestamp: 1578324546067
- conda: https://conda.anaconda.org/conda-forge/linux-64/_openmp_mutex-4.5-2_gnu.tar.bz2
  build_number: 16
  sha256: fbe2c5e56a653bebb982eda4876a9178aedfc2b545f25d0ce9c4c0b508253d22
  md5: 73aaf86a425cc6e73fcf236a5a46396d
  depends:
  - _libgcc_mutex 0.1 conda_forge
  - libgomp >=7.5.0
  constrains:
  - openmp_impl 9999
  license: BSD-3-Clause
  license_family: BSD
  size: 23621
  timestamp: 1650670423406
- conda: https://conda.anaconda.org/conda-forge/linux-64/binutils-2.45-default_h4852527_105.conda
  sha256: fe2580dfa3711d7de59ae7e044f7eea6bfdd969cc5c36d814a569225d7f7f243
  md5: 1bc3e6c577a1a206c36456bdeae406de
  depends:
  - binutils_impl_linux-64 >=2.45,<2.46.0a0
  license: GPL-3.0-only
  license_family: GPL
  size: 35432
  timestamp: 1766513140840
- conda: https://conda.anaconda.org/conda-forge/linux-64/binutils_impl_linux-64-2.45-bootstrap_h59bd682_5.conda
  sha256: 43578d76539db79ac0ff62b4fbbadd37e8f3f4fa18a5578df158f204ea5aeccd
  md5: b8b2c77b6ad04ed23749ac1e733b532c
  depends:
  - ld_impl_linux-64 2.45 bootstrap_ha15bf96_5
  - sysroot_linux-64
  license: GPL-3.0-only
  license_family: GPL
  size: 3699763
  timestamp: 1766512944839
- conda: https://conda.anaconda.org/conda-forge/linux-64/binutils_linux-64-2.45-bootstrap_h4852527_5.conda
  sha256: 0d248e9dda6fbd50ed6756126ef5d785546c697041f0de173703524e97133545
  md5: efaed31700f830e3518c2734ea96338e
  depends:
  - binutils_impl_linux-64 2.45 bootstrap_h59bd682_5
  license: GPL-3.0-only
  license_family: GPL
  size: 36304
  timestamp: 1766512966927
- conda: https://conda.anaconda.org/conda-forge/linux-64/boost-cpp-1.85.0-h44aadfe_2.conda
  sha256: e9ecc22ef7507a07db2a1c59d218806502377fdc18d473fc6f75b0ef17b05721
  md5: 9727833b500c4224710a8ca10b78d607
  depends:
  - bzip2 >=1.0.8,<2.0a0
  - icu >=73.2,<74.0a0
  - libboost-devel 1.85.0 h00ab1b0_2
  - libzlib >=1.2.13,<2.0a0
  - xz >=5.2.6,<6.0a0
  - zstd >=1.5.6,<1.6.0a0
  license: BSL-1.0
  size: 17917
  timestamp: 1719279445524
- conda: https://conda.anaconda.org/conda-forge/linux-64/bzip2-1.0.8-hda65f42_8.conda
  sha256: c30daba32ddebbb7ded490f0e371eae90f51e72db620554089103b4a6934b0d5
  md5: 51a19bba1b8ebfb60df25cde030b7ebc
  depends:
  - __glibc >=2.17,<3.0.a0
  - libgcc >=14
  license: bzip2-1.0.6
  license_family: BSD
  size: 260341
  timestamp: 1757437258798
- conda: https://conda.anaconda.org/conda-forge/linux-64/c-ares-1.34.6-hb03c661_0.conda
  sha256: cc9accf72fa028d31c2a038460787751127317dcfa991f8d1f1babf216bb454e
  md5: 920bb03579f15389b9e512095ad995b7
  depends:
  - __glibc >=2.17,<3.0.a0
  - libgcc >=14
  license: MIT
  license_family: MIT
  size: 207882
  timestamp: 1765214722852
- conda: https://conda.anaconda.org/conda-forge/linux-64/c-compiler-1.11.0-h4d9bdce_0.conda
  sha256: 8e7a40f16400d7839c82581410aa05c1f8324a693c9d50079f8c50dc9fb241f0
  md5: abd85120de1187b0d1ec305c2173c71b
  depends:
  - binutils
  - gcc
  - gcc_linux-64 14.*
  license: BSD-3-Clause
  license_family: BSD
  size: 6693
  timestamp: 1753098721814
- conda: https://conda.anaconda.org/conda-forge/noarch/ca-certificates-2026.1.4-hbd8a1cb_0.conda
  sha256: b5974ec9b50e3c514a382335efa81ed02b05906849827a34061c496f4defa0b2
  md5: bddacf101bb4dd0e51811cb69c7790e2
  depends:
  - __unix
  license: ISC
  size: 146519
  timestamp: 1767500828366
- conda: https://conda.anaconda.org/conda-forge/linux-64/cmake-3.25.2-h077f3f9_0.conda
  sha256: 439297a5bbfd6d1bab577544f9dc7737630237b82bbc8c9ee98f8a34bf286654
  md5: e0ce22752cbd71a6b32b23d96b787e42
  depends:
  - bzip2 >=1.0.8,<2.0a0
  - expat >=2.5.0,<3.0a0
  - libcurl >=7.87.0,<9.0a0
  - libgcc-ng >=12
  - libstdcxx-ng >=12
  - libuv
  - libzlib >=1.2.13,<2.0.0a0
  - ncurses >=6.3,<7.0a0
  - rhash <=1.4.3
  - xz >=5.2.6,<6.0a0
  - zlib
  - zstd >=1.5.2,<1.6.0a0
  license: BSD-3-Clause
  license_family: BSD
  size: 16049415
  timestamp: 1674165598358
- conda: https://conda.anaconda.org/conda-forge/linux-64/compilers-1.11.0-ha770c72_0.conda
  sha256: 5709f2cbfeb8690317ba702611bdf711a502b417fecda6ad3313e501f6f8bd61
  md5: fdcf2e31dd960ef7c5daa9f2c95eff0e
  depends:
  - c-compiler 1.11.0 h4d9bdce_0
  - cxx-compiler 1.11.0 hfcd1e18_0
  - fortran-compiler 1.11.0 h9bea470_0
  license: BSD-3-Clause
  license_family: BSD
  size: 7482
  timestamp: 1753098722454
- conda: https://conda.anaconda.org/conda-forge/linux-64/conda-gcc-specs-14.3.0-he8ccf15_16.conda
  sha256: 387cd20bc18c9cabae357fec1b73f691b8b6a6bafbf843b8ff17241eae0dd1d5
  md5: 77e54ea3bd0888e65ed821f19f5d23ad
  depends:
  - gcc_impl_linux-64 >=14.3.0,<14.3.1.0a0
  license: GPL-3.0-only WITH GCC-exception-3.1
  license_family: GPL
  size: 31314
  timestamp: 1765256147792
- conda: https://conda.anaconda.org/conda-forge/linux-64/cxx-compiler-1.11.0-hfcd1e18_0.conda
  sha256: 3fcc97ae3e89c150401a50a4de58794ffc67b1ed0e1851468fcc376980201e25
  md5: 5da8c935dca9186673987f79cef0b2a5
  depends:
  - c-compiler 1.11.0 h4d9bdce_0
  - gxx
  - gxx_linux-64 14.*
  license: BSD-3-Clause
  license_family: BSD
  size: 6635
  timestamp: 1753098722177
- conda: https://conda.anaconda.org/conda-forge/linux-64/eigen-3.4.0-h171cf75_1.conda
  sha256: fee3738c2431c13f4930778e9d7daca9328e7e2f2a38928cf6ca5a0daa86474a
  md5: ea2db216eae84bc83b0b2961f38f5c0d
  depends:
  - libstdcxx >=14
  - libgcc >=14
  - __glibc >=2.17,<3.0.a0
  license: MPL-2.0
  license_family: MOZILLA
  size: 1169164
  timestamp: 1759819831835
- conda: https://conda.anaconda.org/conda-forge/linux-64/expat-2.7.3-hecca717_0.conda
  sha256: c5d573e6831fb41177fb5ae0f1ee09caed55a868ec9887bc80ccc22c3e57b9b4
  md5: c81f6fa1865526f5ab1e6b669b3ee877
  depends:
  - __glibc >=2.17,<3.0.a0
  - libexpat 2.7.3 hecca717_0
  - libgcc >=14
  license: MIT
  license_family: MIT
  size: 143991
  timestamp: 1763549744569
- conda: https://conda.anaconda.org/conda-forge/linux-64/fortran-compiler-1.11.0-h9bea470_0.conda
  sha256: 53e5562ede83b478ebe9f4fc3d3b4eff5b627883f48aa0bf412e8fd90b5d6113
  md5: d5596f445a1273ddc5ea68864c01b69f
  depends:
  - binutils
  - c-compiler 1.11.0 h4d9bdce_0
  - gfortran
  - gfortran_linux-64 14.*
  license: BSD-3-Clause
  license_family: BSD
  size: 6656
  timestamp: 1753098722318
- conda: https://conda.anaconda.org/conda-forge/linux-64/gcc-14.3.0-h0dff253_16.conda
  sha256: 4581ce836a04a591a2622c2a0f15b81d7a87cec614facb3a405c070c8fdb7ac8
  md5: dcaf539ffe75649239192101037f1406
  depends:
  - conda-gcc-specs
  - gcc_impl_linux-64 14.3.0 he8b2097_16
  license: BSD-3-Clause
  license_family: BSD
  size: 29022
  timestamp: 1765256332962
- conda: https://conda.anaconda.org/conda-forge/linux-64/gcc_impl_linux-64-14.3.0-he8b2097_16.conda
  sha256: 4acf50b7d5673250d585a256a40aabdd922e0947ca12cdbad0cef960ee1a9509
  md5: d274bf1343507683e6eb2954d1871569
  depends:
  - binutils_impl_linux-64 >=2.45
  - libgcc >=14.3.0
  - libgcc-devel_linux-64 14.3.0 hf649bbc_116
  - libgomp >=14.3.0
  - libsanitizer 14.3.0 h8f1669f_16
  - libstdcxx >=14.3.0
  - libstdcxx-devel_linux-64 14.3.0 h9f08a49_116
  - sysroot_linux-64
  license: GPL-3.0-only WITH GCC-exception-3.1
  license_family: GPL
  size: 75290045
  timestamp: 1765256021903
- conda: https://conda.anaconda.org/conda-forge/linux-64/gcc_linux-64-14.3.0-h298d278_17.conda
  sha256: 7b9585c201c175c024c56b46658d9e4b5db85a32df54517798109281a90d03bb
  md5: 50dc15ac993bb5859f923979c81fafc8
  depends:
  - gcc_impl_linux-64 14.3.0.*
  - binutils_linux-64
  - sysroot_linux-64
  license: BSD-3-Clause
  license_family: BSD
  size: 28913
  timestamp: 1766347929374
- conda: https://conda.anaconda.org/conda-forge/linux-64/gfortran-14.3.0-h76987e4_16.conda
  sha256: 5c985d4c2e3963b996891da6f5b1169e6b2271479d4f286d10c72d7a0475acb1
  md5: f5b82e3d5f4d345e8e1a227636eeb64f
  depends:
  - gcc 14.3.0 h0dff253_16
  - gcc_impl_linux-64 14.3.0 he8b2097_16
  - gfortran_impl_linux-64 14.3.0 h1a219da_16
  license: BSD-3-Clause
  license_family: BSD
  size: 28426
  timestamp: 1765256352017
- conda: https://conda.anaconda.org/conda-forge/linux-64/gfortran_impl_linux-64-14.3.0-h1a219da_16.conda
  sha256: c27c7860eaf7043f7a1a6e518b7c741c830d0734dfe00bea3804e799c2bf0556
  md5: 3065346248242b288fd4f73fe34f833e
  depends:
  - gcc_impl_linux-64 >=14.3.0
  - libgcc >=14.3.0
  - libgfortran5 >=14.3.0
  - libstdcxx >=14.3.0
  - sysroot_linux-64
  license: GPL-3.0-only WITH GCC-exception-3.1
  license_family: GPL
  size: 18569038
  timestamp: 1765256219467
- conda: https://conda.anaconda.org/conda-forge/linux-64/gfortran_linux-64-14.3.0-h9ce9316_17.conda
  sha256: 5365f44d03ff752b82e8f73fe96c54457ad2cb5522d5c5fb0782cc4ae78ceaf7
  md5: d5db7829d4b9b1676419fca2c63909b3
  depends:
  - gfortran_impl_linux-64 14.3.0.*
  - gcc_linux-64 ==14.3.0 h298d278_17
  - binutils_linux-64
  - sysroot_linux-64
  license: BSD-3-Clause
  license_family: BSD
  size: 27097
  timestamp: 1766347929375
- conda: https://conda.anaconda.org/conda-forge/linux-64/gxx-14.3.0-h76987e4_16.conda
  sha256: 5a4174e7723a95eca2305f4e4b3d19fa8c714eadd921b993e1a893fe47e5d3d7
  md5: a3aa64ee3486f51eb61018939c88ef12
  depends:
  - gcc 14.3.0 h0dff253_16
  - gxx_impl_linux-64 14.3.0 h2185e75_16
  license: BSD-3-Clause
  license_family: BSD
  size: 28403
  timestamp: 1765256369945
- conda: https://conda.anaconda.org/conda-forge/linux-64/gxx_impl_linux-64-14.3.0-h2185e75_16.conda
  sha256: 71a6672af972c4d072d79514e9755c9e9ea359d46613fd9333adcb3b08c0c008
  md5: 8729b9d902631b9ee604346a90a50031
  depends:
  - gcc_impl_linux-64 14.3.0 he8b2097_16
  - libstdcxx-devel_linux-64 14.3.0 h9f08a49_116
  - sysroot_linux-64
  - tzdata
  license: GPL-3.0-only WITH GCC-exception-3.1
  license_family: GPL
  size: 15255410
  timestamp: 1765256273332
- conda: https://conda.anaconda.org/conda-forge/linux-64/gxx_linux-64-14.3.0-h310e576_17.conda
  sha256: 90ccb0df50254feb5b4e539b06e3d2c3baf5c37e40579224a277ab164566a6a0
  md5: 94474857477981fedf74cf7c47c88ba5
  depends:
  - gxx_impl_linux-64 14.3.0.*
  - gcc_linux-64 ==14.3.0 h298d278_17
  - binutils_linux-64
  - sysroot_linux-64
  license: BSD-3-Clause
  license_family: BSD
  size: 27464
  timestamp: 1766347929379
- conda: https://conda.anaconda.org/conda-forge/linux-64/icu-73.2-h59595ed_0.conda
  sha256: e12fd90ef6601da2875ebc432452590bc82a893041473bc1c13ef29001a73ea8
  md5: cc47e1facc155f91abd89b11e48e72ff
  depends:
  - libgcc-ng >=12
  - libstdcxx-ng >=12
  license: MIT
  license_family: MIT
  size: 12089150
  timestamp: 1692900650789
- conda: https://conda.anaconda.org/conda-forge/noarch/kernel-headers_linux-64-4.18.0-he073ed8_9.conda
  sha256: 41557eeadf641de6aeae49486cef30d02a6912d8da98585d687894afd65b356a
  md5: 86d9cba083cd041bfbf242a01a7a1999
  constrains:
  - sysroot_linux-64 ==2.28
  license: LGPL-2.0-or-later AND LGPL-2.0-or-later WITH exceptions AND GPL-2.0-or-later
  license_family: GPL
  size: 1278712
  timestamp: 1765578681495
- conda: https://conda.anaconda.org/conda-forge/linux-64/keyutils-1.6.3-hb9d3cd8_0.conda
  sha256: 0960d06048a7185d3542d850986d807c6e37ca2e644342dd0c72feefcf26c2a4
  md5: b38117a3c920364aff79f870c984b4a3
  depends:
  - __glibc >=2.17,<3.0.a0
  - libgcc >=13
  license: LGPL-2.1-or-later
  size: 134088
  timestamp: 1754905959823
- conda: https://conda.anaconda.org/conda-forge/linux-64/krb5-1.20.1-hf9c8cef_0.conda
  sha256: 3274ef26e40df1c23bd34adc075e40cc6c335540688c36ac261d64561da56278
  md5: 5f7e9efd540d7ac4b485660231ba6150
  depends:
  - keyutils >=1.6.1,<2.0a0
  - libedit >=3.1.20191231,<3.2.0a0
  - libedit >=3.1.20191231,<4.0a0
  - libgcc-ng >=12
  - libstdcxx-ng >=12
  - openssl >=1.1.1s,<1.1.2a
  license: MIT
  license_family: MIT
  size: 1326164
  timestamp: 1671091702497
- conda: https://conda.anaconda.org/conda-forge/linux-64/ld_impl_linux-64-2.45-bootstrap_ha15bf96_5.conda
  sha256: 39214f6699455d335e692fb8c1e67bb6897ef9593a4a1c0d3a2b776e880161f8
  md5: 7a6d3da38d766cffa2105b56e1c5d61c
  depends:
  - __glibc >=2.17,<3.0.a0
  constrains:
  - binutils_impl_linux-64 2.45
  license: GPL-3.0-only
  license_family: GPL
  size: 729347
  timestamp: 1766512932021
- conda: https://conda.anaconda.org/conda-forge/linux-64/libboost-1.85.0-hba137d9_2.conda
  sha256: b87721465cf1c7fd6d3ecb27dceea896768b7139dabf445b6fe4a09cff71a8a8
  md5: 8f960555f785a42b3853b944ccb9ded7
  depends:
  - bzip2 >=1.0.8,<2.0a0
  - icu >=73.2,<74.0a0
  - libgcc-ng >=12
  - libstdcxx-ng >=12
  - libzlib >=1.2.13,<2.0a0
  - xz >=5.2.6,<6.0a0
  - zstd >=1.5.6,<1.6.0a0
  constrains:
  - boost-cpp =1.85.0
  license: BSL-1.0
  size: 2908828
  timestamp: 1719279275858
- conda: https://conda.anaconda.org/conda-forge/linux-64/libboost-devel-1.85.0-h00ab1b0_2.conda
  sha256: b0ffa5af43d1f93bd8faff32d53ab2d1557e4b32b69007fa368d309cccd8a2e9
  md5: 916333f9596385ad7b55b13a6f18c140
  depends:
  - libboost 1.85.0 hba137d9_2
  - libboost-headers 1.85.0 ha770c72_2
  constrains:
  - boost-cpp =1.85.0
  license: BSL-1.0
  size: 40958
  timestamp: 1719279433177
- conda: https://conda.anaconda.org/conda-forge/linux-64/libboost-headers-1.85.0-ha770c72_2.conda
  sha256: 77dd38f4d45a219839833371b610b6a12d0f85b1be73cc5e2e31b223795f6d75
  md5: a685407e4876ad2327fcfc0024b5e204
  constrains:
  - boost-cpp =1.85.0
  license: BSL-1.0
  size: 14019221
  timestamp: 1719279300831
- conda: https://conda.anaconda.org/conda-forge/linux-64/libcurl-7.87.0-h6312ad2_0.conda
  sha256: 4e95c12244a50c8f8e9173e0bd37d6067fd753437ab636afb44ce28382a325eb
  md5: ad07f06bd133e76e12165bc3ec2c8646
  depends:
  - krb5 >=1.20.1,<1.21.0a0
  - libgcc-ng >=12
  - libnghttp2 >=1.47.0,<2.0a0
  - libssh2 >=1.10.0,<2.0a0
  - libzlib >=1.2.13,<2.0.0a0
  - openssl >=1.1.1s,<1.1.2a
  license: curl
  license_family: MIT
  size: 347431
  timestamp: 1671621575854
- conda: https://conda.anaconda.org/conda-forge/linux-64/libedit-3.1.20250104-pl5321h7949ede_0.conda
  sha256: d789471216e7aba3c184cd054ed61ce3f6dac6f87a50ec69291b9297f8c18724
  md5: c277e0a4d549b03ac1e9d6cbbe3d017b
  depends:
  - ncurses
  - __glibc >=2.17,<3.0.a0
  - libgcc >=13
  - ncurses >=6.5,<7.0a0
  license: BSD-2-Clause
  license_family: BSD
  size: 134676
  timestamp: 1738479519902
- conda: https://conda.anaconda.org/conda-forge/linux-64/libev-4.33-hd590300_2.conda
  sha256: 1cd6048169fa0395af74ed5d8f1716e22c19a81a8a36f934c110ca3ad4dd27b4
  md5: 172bf1cd1ff8629f2b1179945ed45055
  depends:
  - libgcc-ng >=12
  license: BSD-2-Clause
  license_family: BSD
  size: 112766
  timestamp: 1702146165126
- conda: https://conda.anaconda.org/conda-forge/linux-64/libexpat-2.7.3-hecca717_0.conda
  sha256: 1e1b08f6211629cbc2efe7a5bca5953f8f6b3cae0eeb04ca4dacee1bd4e2db2f
  md5: 8b09ae86839581147ef2e5c5e229d164
  depends:
  - __glibc >=2.17,<3.0.a0
  - libgcc >=14
  constrains:
  - expat 2.7.3.*
  license: MIT
  license_family: MIT
  size: 76643
  timestamp: 1763549731408
- conda: https://conda.anaconda.org/conda-forge/linux-64/libffi-3.3-h58526e2_2.tar.bz2
  sha256: bfa80758d38a4f50089c38340b4577d476daaf10967ab2dfc2de9650854705f0
  md5: 665369991d8dd290ac5ee92fce3e6bf5
  depends:
  - libgcc-ng >=7.5.0
  - libstdcxx-ng >=7.5.0
  license: MIT
  license_family: MIT
  size: 52624
  timestamp: 1607352031860
- conda: https://conda.anaconda.org/conda-forge/linux-64/libgcc-15.2.0-he0feb66_16.conda
  sha256: 6eed58051c2e12b804d53ceff5994a350c61baf117ec83f5f10c953a3f311451
  md5: 6d0363467e6ed84f11435eb309f2ff06
  depends:
  - __glibc >=2.17,<3.0.a0
  - _openmp_mutex >=4.5
  constrains:
  - libgcc-ng ==15.2.0=*_16
  - libgomp 15.2.0 he0feb66_16
  license: GPL-3.0-only WITH GCC-exception-3.1
  license_family: GPL
  size: 1042798
  timestamp: 1765256792743
- conda: https://conda.anaconda.org/conda-forge/noarch/libgcc-devel_linux-64-14.3.0-hf649bbc_116.conda
  sha256: 812f2b3f523fc0aabaf4e5e1b44a029c5205671179e574dd32dc57b65e072e0f
  md5: 0141e19cb0cd5602c49c84f920e81921
  depends:
  - __unix
  license: GPL-3.0-only WITH GCC-exception-3.1
  license_family: GPL
  size: 3082749
  timestamp: 1765255729247
- conda: https://conda.anaconda.org/conda-forge/linux-64/libgcc-ng-15.2.0-h69a702a_16.conda
  sha256: 5f07f9317f596a201cc6e095e5fc92621afca64829785e483738d935f8cab361
  md5: 5a68259fac2da8f2ee6f7bfe49c9eb8b
  depends:
  - libgcc 15.2.0 he0feb66_16
  license: GPL-3.0-only WITH GCC-exception-3.1
  license_family: GPL
  size: 27256
  timestamp: 1765256804124
- conda: https://conda.anaconda.org/conda-forge/linux-64/libgfortran5-15.2.0-h68bc16d_16.conda
  sha256: d0e974ebc937c67ae37f07a28edace978e01dc0f44ee02f29ab8a16004b8148b
  md5: 39183d4e0c05609fd65f130633194e37
  depends:
  - __glibc >=2.17,<3.0.a0
  - libgcc >=15.2.0
  constrains:
  - libgfortran 15.2.0
  license: GPL-3.0-only WITH GCC-exception-3.1
  license_family: GPL
  size: 2480559
  timestamp: 1765256819588
- conda: https://conda.anaconda.org/conda-forge/linux-64/libgomp-15.2.0-he0feb66_16.conda
  sha256: 5b3e5e4e9270ecfcd48f47e3a68f037f5ab0f529ccb223e8e5d5ac75a58fc687
  md5: 26c46f90d0e727e95c6c9498a33a09f3
  depends:
  - __glibc >=2.17,<3.0.a0
  license: GPL-3.0-only WITH GCC-exception-3.1
  license_family: GPL
  size: 603284
  timestamp: 1765256703881
- conda: https://conda.anaconda.org/conda-forge/linux-64/liblzma-5.8.2-hb03c661_0.conda
  sha256: 755c55ebab181d678c12e49cced893598f2bab22d582fbbf4d8b83c18be207eb
  md5: c7c83eecbb72d88b940c249af56c8b17
  depends:
  - __glibc >=2.17,<3.0.a0
  - libgcc >=14
  constrains:
  - xz 5.8.2.*
  license: 0BSD
  size: 113207
  timestamp: 1768752626120
- conda: https://conda.anaconda.org/conda-forge/linux-64/liblzma-devel-5.8.2-hb03c661_0.conda
  sha256: dd246f80c9c1c27b87e586c33cf36db9340fb8078e9b805429063c2af54d34a4
  md5: de60549ba9d8921dff3afa4b179e2a4b
  depends:
  - __glibc >=2.17,<3.0.a0
  - libgcc >=14
  - liblzma 5.8.2 hb03c661_0
  license: 0BSD
  size: 465085
  timestamp: 1768752643506
- conda: https://conda.anaconda.org/conda-forge/linux-64/libnghttp2-1.51.0-hdcd2b5c_0.conda
  sha256: 3f76e99eacfc4ce3deac3b78d5508449efb8b72dea3e31d9f2c6db7f5cf00e75
  md5: c42b460bae0365fb9777b1ff9d09a554
  depends:
  - c-ares >=1.18.1,<2.0a0
  - libev >=4.33,<4.34.0a0
  - libgcc-ng >=12
  - libstdcxx-ng >=12
  - libzlib >=1.2.13,<2.0.0a0
  - openssl >=1.1.1s,<1.1.2a
  license: MIT
  license_family: MIT
  size: 622739
  timestamp: 1672695694560
- conda: https://conda.anaconda.org/conda-forge/linux-64/libsanitizer-14.3.0-h8f1669f_16.conda
  sha256: 21765d3fa780eb98055a9f40e9d4defa1eaffe254ee271a3e49555a89e37d6c9
  md5: 0617b134e4dc4474c1038707499f7eed
  depends:
  - __glibc >=2.17,<3.0.a0
  - libgcc >=14.3.0
  - libstdcxx >=14.3.0
  license: GPL-3.0-only WITH GCC-exception-3.1
  license_family: GPL
  size: 7946383
  timestamp: 1765255939536
- conda: https://conda.anaconda.org/conda-forge/linux-64/libsqlite-3.46.0-hde9e2c9_0.conda
  sha256: daee3f68786231dad457d0dfde3f7f1f9a7f2018adabdbb864226775101341a8
  md5: 18aa975d2094c34aef978060ae7da7d8
  depends:
  - libgcc-ng >=12
  - libzlib >=1.2.13,<2.0a0
  license: Unlicense
  size: 865346
  timestamp: 1718050628718
- conda: https://conda.anaconda.org/conda-forge/linux-64/libssh2-1.10.0-haa6b8db_3.tar.bz2
  sha256: 3c2ed83502bedf4ec8c5b972accb6ff1b6c018f72fb711cdb65cb8540d5ab89e
  md5: 89acee135f0809a18a1f4537390aa2dd
  depends:
  - libgcc-ng >=12
  - libzlib >=1.2.12,<2.0.0a0
  - openssl >=1.1.1q,<1.1.2a
  license: BSD-3-Clause
  license_family: BSD
  size: 239461
  timestamp: 1660346486026
- conda: https://conda.anaconda.org/conda-forge/linux-64/libstdcxx-15.2.0-h934c35e_16.conda
  sha256: 813427918316a00c904723f1dfc3da1bbc1974c5cfe1ed1e704c6f4e0798cbc6
  md5: 68f68355000ec3f1d6f26ea13e8f525f
  depends:
  - __glibc >=2.17,<3.0.a0
  - libgcc 15.2.0 he0feb66_16
  constrains:
  - libstdcxx-ng ==15.2.0=*_16
  license: GPL-3.0-only WITH GCC-exception-3.1
  license_family: GPL
  size: 5856456
  timestamp: 1765256838573
- conda: https://conda.anaconda.org/conda-forge/noarch/libstdcxx-devel_linux-64-14.3.0-h9f08a49_116.conda
  sha256: 278a6b7ebb02f1e983db06c6091b130c9a99f967acb526eac1a67077fd863da8
  md5: badba6a9f0e90fdaff87b06b54736ea6
  depends:
  - __unix
  license: GPL-3.0-only WITH GCC-exception-3.1
  license_family: GPL
  size: 20538116
  timestamp: 1765255773242
- conda: https://conda.anaconda.org/conda-forge/linux-64/libstdcxx-ng-15.2.0-hdf11a46_16.conda
  sha256: 81f2f246c7533b41c5e0c274172d607829019621c4a0823b5c0b4a8c7028ee84
  md5: 1b3152694d236cf233b76b8c56bf0eae
  depends:
  - libstdcxx 15.2.0 h934c35e_16
  license: GPL-3.0-only WITH GCC-exception-3.1
  license_family: GPL
  size: 27300
  timestamp: 1765256885128
- conda: https://conda.anaconda.org/conda-forge/linux-64/libuv-1.51.0-hb03c661_1.conda
  sha256: c180f4124a889ac343fc59d15558e93667d894a966ec6fdb61da1604481be26b
  md5: 0f03292cc56bf91a077a134ea8747118
  depends:
  - __glibc >=2.17,<3.0.a0
  - libgcc >=14
  license: MIT
  license_family: MIT
  size: 895108
  timestamp: 1753948278280
- conda: https://conda.anaconda.org/conda-forge/linux-64/libxcrypt-4.4.36-hd590300_1.conda
  sha256: 6ae68e0b86423ef188196fff6207ed0c8195dd84273cb5623b85aa08033a410c
  md5: 5aa797f8787fe7a17d1b0821485b5adc
  depends:
  - libgcc-ng >=12
  license: LGPL-2.1-or-later
  size: 100393
  timestamp: 1702724383534
- conda: https://conda.anaconda.org/conda-forge/linux-64/libzlib-1.2.13-h4ab18f5_6.conda
  sha256: 8ced4afed6322172182af503f21725d072a589a6eb918f8a58135c1e00d35980
  md5: 27329162c0dc732bcf67a4e0cd488125
  depends:
  - libgcc-ng >=12
  constrains:
  - zlib 1.2.13 *_6
  license: Zlib
  license_family: Other
  size: 61571
  timestamp: 1716874066944
- conda: https://conda.anaconda.org/conda-forge/linux-64/ncurses-6.5-h2d0b736_3.conda
  sha256: 3fde293232fa3fca98635e1167de6b7c7fda83caf24b9d6c91ec9eefb4f4d586
  md5: 47e340acb35de30501a76c7c799c41d7
  depends:
  - __glibc >=2.17,<3.0.a0
  - libgcc >=13
  license: X11 AND BSD-3-Clause
  size: 891641
  timestamp: 1738195959188
- conda: https://conda.anaconda.org/conda-forge/linux-64/ninja-1.13.2-h171cf75_0.conda
  sha256: 6f7d59dbec0a7b00bf5d103a4306e8886678b796ff2151b62452d4582b2a53fb
  md5: b518e9e92493721281a60fa975bddc65
  depends:
  - libstdcxx >=14
  - libgcc >=14
  - __glibc >=2.17,<3.0.a0
  license: Apache-2.0
  license_family: APACHE
  size: 186323
  timestamp: 1763688260928
- conda: https://conda.anaconda.org/conda-forge/linux-64/openssl-1.1.1w-hd590300_0.conda
  sha256: 4fe19885c77f0758084feb54954bd1977dfeeab7134fba0a1d9c0cfff821d6bd
  md5: 301e70057a3bd399640bb16bbdf87995
  depends:
  - ca-certificates
  - libgcc-ng >=12
  license: OpenSSL
  license_family: Apache
  size: 1956010
  timestamp: 1694461292959
- conda: https://conda.anaconda.org/conda-forge/noarch/pybind11-3.0.1-pyh7a1b43c_0.conda
  sha256: 2558727093f13d4c30e124724566d16badd7de532fd8ee7483628977117d02be
  md5: 70ece62498c769280f791e836ac53fff
  depends:
  - python >=3.8
  - pybind11-global ==3.0.1 *_0
  - python
  constrains:
  - pybind11-abi ==11
  license: BSD-3-Clause
  license_family: BSD
  size: 232875
  timestamp: 1755953378112
- conda: https://conda.anaconda.org/conda-forge/noarch/pybind11-global-3.0.1-pyhc7ab6ef_0.conda
  sha256: f11a5903879fe3a24e0d28329cb2b1945127e85a4cdb444b45545cf079f99e2d
  md5: fe10b422ce8b5af5dab3740e4084c3f9
  depends:
  - python >=3.8
  - __unix
  - python
  constrains:
  - pybind11-abi ==11
  license: BSD-3-Clause
  license_family: BSD
  size: 228871
  timestamp: 1755953338243
- conda: https://conda.anaconda.org/conda-forge/linux-64/python-3.9.0-hffdb5ce_5_cpython.tar.bz2
  build_number: 5
  sha256: 4268b9d64b93e148a343fb31b2ece72fb9bb6e1730a8f0fbf158d2b9bd958cd2
  md5: d26d64e4cf67cbfab3caf9176c9255de
  depends:
  - ld_impl_linux-64
  - libffi >=3.3,<3.4.0a0
  - libgcc-ng >=9.3.0
  - libstdcxx-ng >=9.3.0
  - ncurses >=6.2,<7.0.0a0
  - openssl >=1.1.1h,<1.1.2a
  - readline >=8.0,<9.0a0
  - sqlite >=3.33.0,<4.0a0
  - tk >=8.6.10,<8.7.0a0
  - tzdata
  - xz >=5.2.5,<6.0.0a0
  - zlib >=1.2.11,<1.3.0a0
  constrains:
  - python_abi 3.9.* *_cp39
  license: Python-2.0
  size: 30099820
  timestamp: 1606378485555
- conda: https://conda.anaconda.org/conda-forge/linux-64/readline-8.3-h853b02a_0.conda
  sha256: 12ffde5a6f958e285aa22c191ca01bbd3d6e710aa852e00618fa6ddc59149002
  md5: d7d95fc8287ea7bf33e0e7116d2b95ec
  depends:
  - __glibc >=2.17,<3.0.a0
  - libgcc >=14
  - ncurses >=6.5,<7.0a0
  license: GPL-3.0-only
  license_family: GPL
  size: 345073
  timestamp: 1765813471974
- conda: https://conda.anaconda.org/conda-forge/linux-64/rhash-1.4.3-hd590300_2.conda
  sha256: 475f68cac8981ff2b10c56e53c2f376fc3c805fbc7ec30d22f870cd88f1479ba
  md5: 4cabe3858a856bff08d9a0992e413084
  depends:
  - libgcc-ng >=12
  license: MIT
  license_family: MIT
  size: 184509
  timestamp: 1693427593121
- conda: https://conda.anaconda.org/conda-forge/linux-64/sqlite-3.46.0-h6d4b2fc_0.conda
  sha256: e849d576e52bf3e6fc5786f89b7d76978f2e2438587826c95570324cb572e52b
  md5: 77ea8dff5cf8550cc8f5629a6af56323
  depends:
  - libgcc-ng >=12
  - libsqlite 3.46.0 hde9e2c9_0
  - libzlib >=1.2.13,<2.0a0
  - ncurses >=6.5,<7.0a0
  - readline >=8.2,<9.0a0
  license: Unlicense
  size: 860352
  timestamp: 1718050658212
- conda: https://conda.anaconda.org/conda-forge/noarch/sysroot_linux-64-2.28-h4ee821c_9.conda
  sha256: c47299fe37aebb0fcf674b3be588e67e4afb86225be4b0d452c7eb75c086b851
  md5: 13dc3adbc692664cd3beabd216434749
  depends:
  - __glibc >=2.28
  - kernel-headers_linux-64 4.18.0 he073ed8_9
  - tzdata
  license: LGPL-2.0-or-later AND LGPL-2.0-or-later WITH exceptions AND GPL-2.0-or-later
  license_family: GPL
  size: 24008591
  timestamp: 1765578833462
- conda: https://conda.anaconda.org/conda-forge/linux-64/tk-8.6.13-noxft_h4845f30_101.conda
  sha256: e0569c9caa68bf476bead1bed3d79650bb080b532c64a4af7d8ca286c08dea4e
  md5: d453b98d9c83e71da0741bb0ff4d76bc
  depends:
  - libgcc-ng >=12
  - libzlib >=1.2.13,<2.0.0a0
  license: TCL
  license_family: BSD
  size: 3318875
  timestamp: 1699202167581
- conda: https://conda.anaconda.org/conda-forge/noarch/tzdata-2025c-hc9c84f9_1.conda
  sha256: 1d30098909076af33a35017eed6f2953af1c769e273a0626a04722ac4acaba3c
  md5: ad659d0a2b3e47e38d829aa8cad2d610
  license: LicenseRef-Public-Domain
  size: 119135
  timestamp: 1767016325805
- conda: https://conda.anaconda.org/conda-forge/linux-64/xz-5.8.2-ha02ee65_0.conda
  sha256: 6d60b1870bdbbaf098bbc7d69e4f4eccb8a6b5e856c2d0aca3c62c0db97e0863
  md5: d34b831f6d6a9b014eb7cf65f6329bba
  depends:
  - __glibc >=2.17,<3.0.a0
  - libgcc >=14
  - liblzma 5.8.2 hb03c661_0
  - liblzma-devel 5.8.2 hb03c661_0
  - xz-gpl-tools 5.8.2 ha02ee65_0
  - xz-tools 5.8.2 hb03c661_0
  license: 0BSD AND LGPL-2.1-or-later AND GPL-2.0-or-later
  size: 24101
  timestamp: 1768752698238
- conda: https://conda.anaconda.org/conda-forge/linux-64/xz-gpl-tools-5.8.2-ha02ee65_0.conda
  sha256: a4876e9fb124665315aedfe96b1a832e2c26312241061d5f990208aaf380da46
  md5: a159fe1e8200dd67fa88ddea9169d25a
  depends:
  - __glibc >=2.17,<3.0.a0
  - libgcc >=14
  - liblzma 5.8.2 hb03c661_0
  constrains:
  - xz 5.8.2.*
  license: 0BSD AND LGPL-2.1-or-later AND GPL-2.0-or-later
  size: 33774
  timestamp: 1768752679459
- conda: https://conda.anaconda.org/conda-forge/linux-64/xz-tools-5.8.2-hb03c661_0.conda
  sha256: 65c8a236b89a4ad24565a986b7c00b8cb2906af52fd9963730c44ea56a9fde9a
  md5: dfd6129671f782988d665354e7aa269d
  depends:
  - __glibc >=2.17,<3.0.a0
  - libgcc >=14
  - liblzma 5.8.2 hb03c661_0
  constrains:
  - xz 5.8.2.*
  license: 0BSD AND LGPL-2.1-or-later
  size: 96093
  timestamp: 1768752662020
- conda: https://conda.anaconda.org/conda-forge/linux-64/zlib-1.2.13-h4ab18f5_6.conda
  sha256: 534824ea44939f3e59ca8ebb95e3ece6f50f9d2a0e69999fbc692311252ed6ac
  md5: 559d338a4234c2ad6e676f460a093e67
  depends:
  - libgcc-ng >=12
  - libzlib 1.2.13 h4ab18f5_6
  license: Zlib
  license_family: Other
  size: 92883
  timestamp: 1716874088980
- conda: https://conda.anaconda.org/conda-forge/linux-64/zstd-1.5.6-ha6fb4c9_0.conda
  sha256: c558b9cc01d9c1444031bd1ce4b9cff86f9085765f17627a6cd85fc623c8a02b
  md5: 4d056880988120e29d75bfff282e0f45
  depends:
  - libgcc-ng >=12
  - libstdcxx-ng >=12
  - libzlib >=1.2.13,<2.0.0a0
  license: BSD-3-Clause
  license_family: BSD
  size: 554846
  timestamp: 1714722996770
